
Microsoft Visual Studio Solution File, Format Version 12.00
# Visual Studio Version 17
VisualStudioVersion = 17.0.32112.339
MinimumVisualStudioVersion = 10.0.40219.1
Project("{FAE04EC0-301F-11D3-BF4B-00C04F79EFBC}") = "Api", "Api.csproj", "{4CB97834-3477-4B46-A87C-0B1D0C12F084}"
EndProject
Global
	GlobalSection(SolutionConfigurationPlatforms) = preSolution
		Debug|Any CPU = Debug|Any CPU
		Release|Any CPU = Release|Any CPU
	EndGlobalSection
	GlobalSection(ProjectConfigurationPlatforms) = postSolution
		{4CB97834-3477-4B46-A87C-0B1D0C12F084}.Debug|Any CPU.ActiveCfg = Debug|Any CPU
		{4CB97834-3477-4B46-A87C-0B1D0C12F084}.Debug|Any CPU.Build.0 = Debug|Any CPU
		{4CB97834-3477-4B46-A87C-0B1D0C12F084}.Release|Any CPU.ActiveCfg = Release|Any CPU
		{4CB97834-3477-4B46-A87C-0B1D0C12F084}.Release|Any CPU.Build.0 = Release|Any CPU
	EndGlobalSection
	GlobalSection(SolutionProperties) = preSolution
		HideSolutionNode = FALSE
	EndGlobalSection
	GlobalSection(ExtensibilityGlobals) = postSolution
		SolutionGuid = {C935D10C-AD93-46C5-8362-5C5A72DBC3B9}
	EndGlobalSection
EndGlobal
